
Microsoft Visual Studio Solution File, Format Version 11.00
# Visual Studio 2010
Project("{FAE04EC0-301F-11D3-BF4B-00C04F79EFBC}") = "MOBZync", "MOBZync\MOBZync.csproj", "{8DBA515B-B217-4E45-AA58-3172149D0AC4}"
EndProject
Project("{54435603-DBB4-11D2-8724-00A0C9A8B90C}") = "MOBZyncSetup", "MOBZyncSetup\MOBZyncSetup.vdproj", "{E70EB471-129C-4513-9BC8-5470271CD90C}"
EndProject
Global
	GlobalSection(SolutionConfigurationPlatforms) = preSolution
		Debug|Any CPU = Debug|Any CPU
		Release|Any CPU = Release|Any CPU
	EndGlobalSection
	GlobalSection(ProjectConfigurationPlatforms) = postSolution
		{8DBA515B-B217-4E45-AA58-3172149D0AC4}.Debug|Any CPU.ActiveCfg = Debug|Any CPU
		{8DBA515B-B217-4E45-AA58-3172149D0AC4}.Debug|Any CPU.Build.0 = Debug|Any CPU
		{8DBA515B-B217-4E45-AA58-3172149D0AC4}.Release|Any CPU.ActiveCfg = Release|Any CPU
		{8DBA515B-B217-4E45-AA58-3172149D0AC4}.Release|Any CPU.Build.0 = Release|Any CPU
		{E70EB471-129C-4513-9BC8-5470271CD90C}.Debug|Any CPU.ActiveCfg = Debug
		{E70EB471-129C-4513-9BC8-5470271CD90C}.Release|Any CPU.ActiveCfg = Release
	EndGlobalSection
	GlobalSection(SolutionProperties) = preSolution
		HideSolutionNode = FALSE
	EndGlobalSection
EndGlobal
